
Microsoft Visual Studio Solution File, Format Version 12.00
# Visual Studio Version 16
VisualStudioVersion = 16.0.29519.181
MinimumVisualStudioVersion = 10.0.40219.1
Project("{FAE04EC0-301F-11D3-BF4B-00C04F79EFBC}") = "ArrayApp101219", "ArrayApp101219\ArrayApp101219.csproj", "{4DFF6674-B1ED-4F00-BB55-A85A8AA48ADB}"
EndProject
Global
	GlobalSection(SolutionConfigurationPlatforms) = preSolution
		Debug|Any CPU = Debug|Any CPU
		Release|Any CPU = Release|Any CPU
	EndGlobalSection
	GlobalSection(ProjectConfigurationPlatforms) = postSolution
		{4DFF6674-B1ED-4F00-BB55-A85A8AA48ADB}.Debug|Any CPU.ActiveCfg = Debug|Any CPU
		{4DFF6674-B1ED-4F00-BB55-A85A8AA48ADB}.Debug|Any CPU.Build.0 = Debug|Any CPU
		{4DFF6674-B1ED-4F00-BB55-A85A8AA48ADB}.Release|Any CPU.ActiveCfg = Release|Any CPU
		{4DFF6674-B1ED-4F00-BB55-A85A8AA48ADB}.Release|Any CPU.Build.0 = Release|Any CPU
	EndGlobalSection
	GlobalSection(SolutionProperties) = preSolution
		HideSolutionNode = FALSE
	EndGlobalSection
	GlobalSection(ExtensibilityGlobals) = postSolution
		SolutionGuid = {891EE5AC-0584-4F01-8192-21644BF7CC44}
	EndGlobalSection
EndGlobal
